{
    "_readme": [
        "This file locks the dependencies of your project to a known state",
        "Read more about it at https://getcomposer.org/doc/01-basic-usage.md#installing-dependencies",
        "This file is @generated automatically"
    ],
    "content-hash": "a988fcb8a296d0d7038aaf39ce7df8ff",
    "packages": [
        {
            "name": "phpstan/phpstan",
            "version": "1.12.0",
            "source": {
                "type": "git",
                "url": "https://github.com/phpstan/phpstan.git",
                "reference": "384af967d35b2162f69526c7276acadce534d0e1"
            },
            "dist": {
                "type": "zip",
                "url": "https://api.github.com/repos/phpstan/phpstan/zipball/384af967d35b2162f69526c7276acadce534d0e1",
                "reference": "384af967d35b2162f69526c7276acadce534d0e1",
                "shasum": ""
            },
            "require": {
                "php": "^7.2|^8.0"
            },
            "conflict": {
                "phpstan/phpstan-shim": "*"
            },
            "bin": [
                "phpstan",
                "phpstan.phar"
            ],
            "type": "library",
            "autoload": {
                "files": [
                    "bootstrap.php"
                ]
            },
            "notification-url": "https://packagist.org/downloads/",
            "license": [
                "MIT"
            ],
            "description": "PHPStan - PHP Static Analysis Tool",
            "keywords": [
                "dev",
                "static analysis"
            ],
            "support": {
                "docs": "https://phpstan.org/user-guide/getting-started",
                "forum": "https://github.com/phpstan/phpstan/discussions",
                "issues": "https://github.com/phpstan/phpstan/issues",
                "security": "https://github.com/phpstan/phpstan/security/policy",
                "source": "https://github.com/phpstan/phpstan-src"
            },
            "funding": [
                {
                    "url": "https://github.com/ondrejmirtes",
                    "type": "github"
                },
                {
                    "url": "https://github.com/phpstan",
                    "type": "github"
                }
            ],
            "time": "2024-08-27T09:18:05+00:00"
        },
        {
            "name": "phpstan/phpstan-phpunit",
            "version": "1.4.0",
            "source": {
                "type": "git",
                "url": "https://github.com/phpstan/phpstan-phpunit.git",
                "reference": "f3ea021866f4263f07ca3636bf22c64be9610c11"
            },
            "dist": {
                "type": "zip",
                "url": "https://api.github.com/repos/phpstan/phpstan-phpunit/zipball/f3ea021866f4263f07ca3636bf22c64be9610c11",
                "reference": "f3ea021866f4263f07ca3636bf22c64be9610c11",
                "shasum": ""
            },
            "require": {
                "php": "^7.2 || ^8.0",
                "phpstan/phpstan": "^1.11"
            },
            "conflict": {
                "phpunit/phpunit": "<7.0"
            },
            "require-dev": {
                "nikic/php-parser": "^4.13.0",
                "php-parallel-lint/php-parallel-lint": "^1.2",
                "phpstan/phpstan-strict-rules": "^1.5.1",
                "phpunit/phpunit": "^9.5"
            },
            "type": "phpstan-extension",
            "extra": {
                "phpstan": {
                    "includes": [
                        "extension.neon",
                        "rules.neon"
                    ]
                }
            },
            "autoload": {
                "psr-4": {
                    "PHPStan\\": "src/"
                }
            },
            "notification-url": "https://packagist.org/downloads/",
            "license": [
                "MIT"
            ],
            "description": "PHPUnit extensions and rules for PHPStan",
            "support": {
                "issues": "https://github.com/phpstan/phpstan-phpunit/issues",
                "source": "https://github.com/phpstan/phpstan-phpunit/tree/1.4.0"
            },
            "time": "2024-04-20T06:39:00+00:00"
        },
        {
            "name": "phpstan/phpstan-strict-rules",
            "version": "1.6.0",
            "source": {
                "type": "git",
                "url": "https://github.com/phpstan/phpstan-strict-rules.git",
                "reference": "363f921dd8441777d4fc137deb99beb486c77df1"
            },
            "dist": {
                "type": "zip",
                "url": "https://api.github.com/repos/phpstan/phpstan-strict-rules/zipball/363f921dd8441777d4fc137deb99beb486c77df1",
                "reference": "363f921dd8441777d4fc137deb99beb486c77df1",
                "shasum": ""
            },
            "require": {
                "php": "^7.2 || ^8.0",
                "phpstan/phpstan": "^1.11"
            },
            "require-dev": {
                "nikic/php-parser": "^4.13.0",
                "php-parallel-lint/php-parallel-lint": "^1.2",
                "phpstan/phpstan-deprecation-rules": "^1.1",
                "phpstan/phpstan-phpunit": "^1.0",
                "phpunit/phpunit": "^9.5"
            },
            "type": "phpstan-extension",
            "extra": {
                "phpstan": {
                    "includes": [
                        "rules.neon"
                    ]
                }
            },
            "autoload": {
                "psr-4": {
                    "PHPStan\\": "src/"
                }
            },
            "notification-url": "https://packagist.org/downloads/",
            "license": [
                "MIT"
            ],
            "description": "Extra strict and opinionated rules for PHPStan",
            "support": {
                "issues": "https://github.com/phpstan/phpstan-strict-rules/issues",
                "source": "https://github.com/phpstan/phpstan-strict-rules/tree/1.6.0"
            },
            "time": "2024-04-20T06:37:51+00:00"
        },
        {
            "name": "phpstan/phpstan-symfony",
            "version": "1.4.8",
            "source": {
                "type": "git",
                "url": "https://github.com/phpstan/phpstan-symfony.git",
                "reference": "14eec8c011b856eee4d744a2a3f709db1e1858bd"
            },
            "dist": {
                "type": "zip",
                "url": "https://api.github.com/repos/phpstan/phpstan-symfony/zipball/14eec8c011b856eee4d744a2a3f709db1e1858bd",
                "reference": "14eec8c011b856eee4d744a2a3f709db1e1858bd",
                "shasum": ""
            },
            "require": {
                "ext-simplexml": "*",
                "php": "^7.2 || ^8.0",
                "phpstan/phpstan": "^1.11.7"
            },
            "conflict": {
                "symfony/framework-bundle": "<3.0"
            },
            "require-dev": {
                "nikic/php-parser": "^4.13.0",
                "php-parallel-lint/php-parallel-lint": "^1.2",
                "phpstan/phpstan-phpunit": "^1.3.11",
                "phpstan/phpstan-strict-rules": "^1.5.1",
                "phpunit/phpunit": "^8.5.29 || ^9.5",
                "psr/container": "1.0 || 1.1.1",
                "symfony/config": "^5.4 || ^6.1",
                "symfony/console": "^5.4 || ^6.1",
                "symfony/dependency-injection": "^5.4 || ^6.1",
                "symfony/form": "^5.4 || ^6.1",
                "symfony/framework-bundle": "^5.4 || ^6.1",
                "symfony/http-foundation": "^5.4 || ^6.1",
                "symfony/messenger": "^5.4",
                "symfony/polyfill-php80": "^1.24",
                "symfony/serializer": "^5.4",
                "symfony/service-contracts": "^2.2.0"
            },
            "type": "phpstan-extension",
            "extra": {
                "phpstan": {
                    "includes": [
                        "extension.neon",
                        "rules.neon"
                    ]
                }
            },
            "autoload": {
                "psr-4": {
                    "PHPStan\\": "src/"
                }
            },
            "notification-url": "https://packagist.org/downloads/",
            "license": [
                "MIT"
            ],
            "authors": [
                {
                    "name": "Lukáš Unger",
                    "email": "looky.msc@gmail.com",
                    "homepage": "https://lookyman.net"
                }
            ],
            "description": "Symfony Framework extensions and rules for PHPStan",
            "support": {
                "issues": "https://github.com/phpstan/phpstan-symfony/issues",
                "source": "https://github.com/phpstan/phpstan-symfony/tree/1.4.8"
            },
            "time": "2024-08-13T19:43:40+00:00"
        },
        {
            "name": "phpstan/phpstan-webmozart-assert",
            "version": "1.2.10",
            "source": {
                "type": "git",
                "url": "https://github.com/phpstan/phpstan-webmozart-assert.git",
                "reference": "be3dcd883f52f1c7372519a3c019e54e847dbc17"
            },
            "dist": {
                "type": "zip",
                "url": "https://api.github.com/repos/phpstan/phpstan-webmozart-assert/zipball/be3dcd883f52f1c7372519a3c019e54e847dbc17",
                "reference": "be3dcd883f52f1c7372519a3c019e54e847dbc17",
                "shasum": ""
            },
            "require": {
                "php": "^7.2 || ^8.0",
                "phpstan/phpstan": "^1.10"
            },
            "require-dev": {
                "nikic/php-parser": "^4.13.0",
                "php-parallel-lint/php-parallel-lint": "^1.2",
                "phpstan/phpstan-deprecation-rules": "^1.1",
                "phpstan/phpstan-phpunit": "^1.0",
                "phpstan/phpstan-strict-rules": "^1.0",
                "phpunit/phpunit": "^9.5",
                "webmozart/assert": "^1.11.0"
            },
            "type": "phpstan-extension",
            "extra": {
                "phpstan": {
                    "includes": [
                        "extension.neon"
                    ]
                }
            },
            "autoload": {
                "psr-4": {
                    "PHPStan\\": "src/"
                }
            },
            "notification-url": "https://packagist.org/downloads/",
            "license": [
                "MIT"
            ],
            "description": "PHPStan webmozart/assert extension",
            "support": {
                "issues": "https://github.com/phpstan/phpstan-webmozart-assert/issues",
                "source": "https://github.com/phpstan/phpstan-webmozart-assert/tree/1.2.10"
            },
            "time": "2024-08-19T12:57:18+00:00"
        }
    ],
    "packages-dev": [],
    "aliases": [],
    "minimum-stability": "stable",
    "stability-flags": [],
    "prefer-stable": false,
    "prefer-lowest": false,
    "platform": [],
    "platform-dev": [],
    "plugin-api-version": "2.6.0"
}
